
Microsoft Visual Studio Solution File, Format Version 12.00
# Visual Studio Version 17
VisualStudioVersion = 17.1.32319.34
MinimumVisualStudioVersion = 10.0.40219.1
Project("{9A19103F-16F7-4668-BE54-9A1E7A4F7556}") = "ServicesLayer", "ServicesLayer\ServicesLayer.csproj", "{DA21A020-84B9-4458-993F-85EEEFAA5105}"
EndProject
Project("{9A19103F-16F7-4668-BE54-9A1E7A4F7556}") = "RepositoryLayer", "RepositoryLayer\RepositoryLayer.csproj", "{43F2B9D7-9741-41A5-8100-180314004959}"
EndProject
Project("{9A19103F-16F7-4668-BE54-9A1E7A4F7556}") = "UniversityManagerApi", "UniversityManagerApi\UniversityManagerApi.csproj", "{77545322-6640-4B95-94D2-3470B0BD1B6A}"
EndProject
Project("{9A19103F-16F7-4668-BE54-9A1E7A4F7556}") = "DomainLayer", "DomainLayer\DomainLayer.csproj", "{0246140D-A393-4D4B-93FB-3E9C36F362F3}"
EndProject
Global
	GlobalSection(SolutionConfigurationPlatforms) = preSolution
		Debug|Any CPU = Debug|Any CPU
		Release|Any CPU = Release|Any CPU
	EndGlobalSection
	GlobalSection(ProjectConfigurationPlatforms) = postSolution
		{DA21A020-84B9-4458-993F-85EEEFAA5105}.Debug|Any CPU.ActiveCfg = Debug|Any CPU
		{DA21A020-84B9-4458-993F-85EEEFAA5105}.Debug|Any CPU.Build.0 = Debug|Any CPU
		{DA21A020-84B9-4458-993F-85EEEFAA5105}.Release|Any CPU.ActiveCfg = Release|Any CPU
		{DA21A020-84B9-4458-993F-85EEEFAA5105}.Release|Any CPU.Build.0 = Release|Any CPU
		{43F2B9D7-9741-41A5-8100-180314004959}.Debug|Any CPU.ActiveCfg = Debug|Any CPU
		{43F2B9D7-9741-41A5-8100-180314004959}.Debug|Any CPU.Build.0 = Debug|Any CPU
		{43F2B9D7-9741-41A5-8100-180314004959}.Release|Any CPU.ActiveCfg = Release|Any CPU
		{43F2B9D7-9741-41A5-8100-180314004959}.Release|Any CPU.Build.0 = Release|Any CPU
		{77545322-6640-4B95-94D2-3470B0BD1B6A}.Debug|Any CPU.ActiveCfg = Debug|Any CPU
		{77545322-6640-4B95-94D2-3470B0BD1B6A}.Debug|Any CPU.Build.0 = Debug|Any CPU
		{77545322-6640-4B95-94D2-3470B0BD1B6A}.Release|Any CPU.ActiveCfg = Release|Any CPU
		{77545322-6640-4B95-94D2-3470B0BD1B6A}.Release|Any CPU.Build.0 = Release|Any CPU
		{0246140D-A393-4D4B-93FB-3E9C36F362F3}.Debug|Any CPU.ActiveCfg = Debug|Any CPU
		{0246140D-A393-4D4B-93FB-3E9C36F362F3}.Debug|Any CPU.Build.0 = Debug|Any CPU
		{0246140D-A393-4D4B-93FB-3E9C36F362F3}.Release|Any CPU.ActiveCfg = Release|Any CPU
		{0246140D-A393-4D4B-93FB-3E9C36F362F3}.Release|Any CPU.Build.0 = Release|Any CPU
	EndGlobalSection
	GlobalSection(SolutionProperties) = preSolution
		HideSolutionNode = FALSE
	EndGlobalSection
	GlobalSection(ExtensibilityGlobals) = postSolution
		SolutionGuid = {92DABC59-73C3-467E-AE60-526584DB99F9}
	EndGlobalSection
EndGlobal
